
Microsoft Visual Studio Solution File, Format Version 12.00
# Visual Studio Version 16
VisualStudioVersion = 16.0.31729.503
MinimumVisualStudioVersion = 10.0.40219.1
Project("{9A19103F-16F7-4668-BE54-9A1E7A4F7556}") = "Midterm_Project", "Midterm_Project.csproj", "{EFC8E1E6-2144-4243-A755-15410AEC11F9}"
EndProject
Global
	GlobalSection(SolutionConfigurationPlatforms) = preSolution
		Debug|Any CPU = Debug|Any CPU
		Debug|x64 = Debug|x64
		Release|Any CPU = Release|Any CPU
		Release|x64 = Release|x64
	EndGlobalSection
	GlobalSection(ProjectConfigurationPlatforms) = postSolution
		{EFC8E1E6-2144-4243-A755-15410AEC11F9}.Debug|Any CPU.ActiveCfg = Debug|Any CPU
		{EFC8E1E6-2144-4243-A755-15410AEC11F9}.Debug|Any CPU.Build.0 = Debug|Any CPU
		{EFC8E1E6-2144-4243-A755-15410AEC11F9}.Debug|x64.ActiveCfg = Debug|x64
		{EFC8E1E6-2144-4243-A755-15410AEC11F9}.Debug|x64.Build.0 = Debug|x64
		{EFC8E1E6-2144-4243-A755-15410AEC11F9}.Release|Any CPU.ActiveCfg = Release|Any CPU
		{EFC8E1E6-2144-4243-A755-15410AEC11F9}.Release|Any CPU.Build.0 = Release|Any CPU
		{EFC8E1E6-2144-4243-A755-15410AEC11F9}.Release|x64.ActiveCfg = Release|x64
		{EFC8E1E6-2144-4243-A755-15410AEC11F9}.Release|x64.Build.0 = Release|x64
	EndGlobalSection
	GlobalSection(SolutionProperties) = preSolution
		HideSolutionNode = FALSE
	EndGlobalSection
	GlobalSection(ExtensibilityGlobals) = postSolution
		SolutionGuid = {CC9AC313-F6A8-46B1-98F4-BE22DF46825B}
	EndGlobalSection
EndGlobal
